
Microsoft Visual Studio Solution File, Format Version 12.00
# Visual Studio Version 16
VisualStudioVersion = 16.0.28803.156
MinimumVisualStudioVersion = 10.0.40219.1
Project("{9A19103F-16F7-4668-BE54-9A1E7A4F7556}") = "Str.Common", "Str.Common\Str.Common.csproj", "{5E07704B-4938-4D5F-A695-F87E016AC7BF}"
EndProject
Project("{2150E333-8FDC-42A3-9474-1A3956D46DE8}") = "Solution Items", "Solution Items", "{A51EE79F-F52E-4DDD-9FBB-F0A5BE4EC2DE}"
	ProjectSection(SolutionItems) = preProject
		Jenkinsfile = Jenkinsfile
		ReadMe.md = ReadMe.md
		STR.Common.sln.DotSettings = STR.Common.sln.DotSettings
	EndProjectSection
EndProject
Global
	GlobalSection(SolutionConfigurationPlatforms) = preSolution
		Debug|Any CPU = Debug|Any CPU
		Release|Any CPU = Release|Any CPU
	EndGlobalSection
	GlobalSection(ProjectConfigurationPlatforms) = postSolution
		{5E07704B-4938-4D5F-A695-F87E016AC7BF}.Debug|Any CPU.ActiveCfg = Debug|Any CPU
		{5E07704B-4938-4D5F-A695-F87E016AC7BF}.Debug|Any CPU.Build.0 = Debug|Any CPU
		{5E07704B-4938-4D5F-A695-F87E016AC7BF}.Release|Any CPU.ActiveCfg = Release|Any CPU
		{5E07704B-4938-4D5F-A695-F87E016AC7BF}.Release|Any CPU.Build.0 = Release|Any CPU
	EndGlobalSection
	GlobalSection(SolutionProperties) = preSolution
		HideSolutionNode = FALSE
	EndGlobalSection
	GlobalSection(ExtensibilityGlobals) = postSolution
		SolutionGuid = {0157AB65-53CD-4464-B113-6D50BE77B2FA}
	EndGlobalSection
EndGlobal
